PODS:
  - AppAuth (1.6.0):
    - AppAuth/Core (= 1.6.0)
    - AppAuth/ExternalUserAgent (= 1.6.0)
  - AppAuth/Core (1.6.0)
  - AppAuth/ExternalUserAgent (1.6.0):
    - AppAuth/Core
  - device_info_plus (0.0.1):
    - Flutter
  - fit_track (0.0.1):
    - Flutter
    - PromiseKit
  - Flutter (1.0.0)
  - flutter_appauth (0.0.1):
    - AppAuth (= 1.6.0)
    - Flutter
  - health (1.0.4):
    - Flutter
  - PromiseKit (6.18.1):
    - PromiseKit/CorePromise (= 6.18.1)
    - PromiseKit/Foundation (= 6.18.1)
    - PromiseKit/UIKit (= 6.18.1)
  - PromiseKit/CorePromise (6.18.1)
  - PromiseKit/Foundation (6.18.1):
    - PromiseKit/CorePromise
  - PromiseKit/UIKit (6.18.1):
    - PromiseKit/CorePromise
  - shared_preferences_ios (0.0.1):
    - Flutter

DEPENDENCIES:
  - device_info_plus (from `.symlinks/plugins/device_info_plus/ios`)
  - fit_track (from `.symlinks/plugins/fit_track/ios`)
  - Flutter (from `Flutter`)
  - flutter_appauth (from `.symlinks/plugins/flutter_appauth/ios`)
  - health (from `.symlinks/plugins/health/ios`)
  - PromiseKit
  - shared_preferences_ios (from `.symlinks/plugins/shared_preferences_ios/ios`)

SPEC REPOS:
  trunk:
    - AppAuth
    - PromiseKit

EXTERNAL SOURCES:
  device_info_plus:
    :path: ".symlinks/plugins/device_info_plus/ios"
  fit_track:
    :path: ".symlinks/plugins/fit_track/ios"
  Flutter:
    :path: Flutter
  flutter_appauth:
    :path: ".symlinks/plugins/flutter_appauth/ios"
  health:
    :path: ".symlinks/plugins/health/ios"
  shared_preferences_ios:
    :path: ".symlinks/plugins/shared_preferences_ios/ios"

SPEC CHECKSUMS:
  AppAuth: 8fca6b5563a5baef2c04bee27538025e4ceb2add
  device_info_plus: e5c5da33f982a436e103237c0c85f9031142abed
  fit_track: cb8c6a94bc29cf989f768ef4e94bbd58f8e25e01
  Flutter: f04841e97a9d0b0a8025694d0796dd46242b2854
  flutter_appauth: 525652bda90e43ca5eb7ed748ecc106b79d1f5a1
  health: 5a380c0f6c4f619535845992993964293962e99e
  PromiseKit: 49d70c53d5d20e346beaea4b276b5dd2ab446bb4
  shared_preferences_ios: 548a61f8053b9b8a49ac19c1ffbc8b92c50d68ad

PODFILE CHECKSUM: 5871773e75aeef43f626fa41e16352680465995a

COCOAPODS: 1.11.3
